
Microsoft Visual Studio Solution File, Format Version 12.00
# Visual Studio 15
VisualStudioVersion = 15.0.28307.168
MinimumVisualStudioVersion = 10.0.40219.1
Project("{FAE04EC0-301F-11D3-BF4B-00C04F79EFBC}") = "Dalisama.SafeHadle.example", "Dalisama.SafeHadle.example\Dalisama.SafeHadle.example.csproj", "{40874219-0F11-4E02-958B-A48EA243C7AC}"
EndProject
Global
	GlobalSection(SolutionConfigurationPlatforms) = preSolution
		Debug|Any CPU = Debug|Any CPU
		Release|Any CPU = Release|Any CPU
	EndGlobalSection
	GlobalSection(ProjectConfigurationPlatforms) = postSolution
		{40874219-0F11-4E02-958B-A48EA243C7AC}.Debug|Any CPU.ActiveCfg = Debug|Any CPU
		{40874219-0F11-4E02-958B-A48EA243C7AC}.Debug|Any CPU.Build.0 = Debug|Any CPU
		{40874219-0F11-4E02-958B-A48EA243C7AC}.Release|Any CPU.ActiveCfg = Release|Any CPU
		{40874219-0F11-4E02-958B-A48EA243C7AC}.Release|Any CPU.Build.0 = Release|Any CPU
	EndGlobalSection
	GlobalSection(SolutionProperties) = preSolution
		HideSolutionNode = FALSE
	EndGlobalSection
	GlobalSection(ExtensibilityGlobals) = postSolution
		SolutionGuid = {4F9E21B9-8516-4CCC-A04B-919228494C76}
	EndGlobalSection
EndGlobal
